
Microsoft Visual Studio Solution File, Format Version 12.00
# Visual Studio Version 16
VisualStudioVersion = 16.0.31005.135
MinimumVisualStudioVersion = 10.0.40219.1
Project("{2150E333-8FDC-42A3-9474-1A3956D46DE8}") = "src", "src", "{4D611245-D2D1-42E2-9B5A-8DA4090FC6C5}"
EndProject
Project("{FAE04EC0-301F-11D3-BF4B-00C04F79EFBC}") = "Datefa.Core", "src\lib\Datefa.Core\Datefa.Core.csproj", "{75A47482-C041-438C-8FEE-09DEEDD4EC20}"
EndProject
Global
	GlobalSection(SolutionConfigurationPlatforms) = preSolution
		Debug|Any CPU = Debug|Any CPU
		Release|Any CPU = Release|Any CPU
	EndGlobalSection
	GlobalSection(ProjectConfigurationPlatforms) = postSolution
		{75A47482-C041-438C-8FEE-09DEEDD4EC20}.Debug|Any CPU.ActiveCfg = Debug|Any CPU
		{75A47482-C041-438C-8FEE-09DEEDD4EC20}.Debug|Any CPU.Build.0 = Debug|Any CPU
		{75A47482-C041-438C-8FEE-09DEEDD4EC20}.Release|Any CPU.ActiveCfg = Release|Any CPU
		{75A47482-C041-438C-8FEE-09DEEDD4EC20}.Release|Any CPU.Build.0 = Release|Any CPU
	EndGlobalSection
	GlobalSection(SolutionProperties) = preSolution
		HideSolutionNode = FALSE
	EndGlobalSection
	GlobalSection(NestedProjects) = preSolution
		{75A47482-C041-438C-8FEE-09DEEDD4EC20} = {4D611245-D2D1-42E2-9B5A-8DA4090FC6C5}
	EndGlobalSection
	GlobalSection(ExtensibilityGlobals) = postSolution
		SolutionGuid = {CC7EEFD8-5096-400C-8F4C-516CDBFE5739}
	EndGlobalSection
EndGlobal
